
Microsoft Visual Studio Solution File, Format Version 12.00
# Visual Studio Version 17
VisualStudioVersion = 17.11.35219.272
MinimumVisualStudioVersion = 10.0.40219.1
Project("{FAE04EC0-301F-11D3-BF4B-00C04F79EFBC}") = "LoginProject", "LoginProject\LoginProject.csproj", "{0CC0B43B-D006-447B-BC87-285870E88D0E}"
EndProject
Global
	GlobalSection(SolutionConfigurationPlatforms) = preSolution
		Debug|Any CPU = Debug|Any CPU
		Release|Any CPU = Release|Any CPU
	EndGlobalSection
	GlobalSection(ProjectConfigurationPlatforms) = postSolution
		{0CC0B43B-D006-447B-BC87-285870E88D0E}.Debug|Any CPU.ActiveCfg = Debug|Any CPU
		{0CC0B43B-D006-447B-BC87-285870E88D0E}.Debug|Any CPU.Build.0 = Debug|Any CPU
		{0CC0B43B-D006-447B-BC87-285870E88D0E}.Release|Any CPU.ActiveCfg = Release|Any CPU
		{0CC0B43B-D006-447B-BC87-285870E88D0E}.Release|Any CPU.Build.0 = Release|Any CPU
	EndGlobalSection
	GlobalSection(SolutionProperties) = preSolution
		HideSolutionNode = FALSE
	EndGlobalSection
	GlobalSection(ExtensibilityGlobals) = postSolution
		SolutionGuid = {0CDF708B-CA94-4C44-BB99-ED145D3872D4}
	EndGlobalSection
EndGlobal
